{
  "name": "signpdf",
  "version": "0.1.0",
  "lockfileVersion": 2,
  "requires": true,
  "packages": {
    "": {
      "name": "signpdf",
      "version": "0.1.0",
      "license": "MIT",
      "dependencies": {
        "minimist": "^1.2.6",
        "node-forge": "^1.3.1",
        "node-signpdf": "^1.5.0"
      },
      "bin": {
        "signpdf": "index.js"
      }
    },
    "node_modules/minimist": {
      "version": "1.2.6",
      "resolved": "https://registry.npmjs.org/minimist/-/minimist-1.2.6.tgz",
      "integrity": "sha512-Jsjnk4bw3YJqYzbdyBiNsPWHPfO++UGG749Cxs6peCu5Xg4nrena6OVxOYxrQTqww0Jmwt+Ref8rggumkTLz9Q=="
    },
    "node_modules/node-forge": {
      "version": "1.3.1",
      "resolved": "https://registry.npmjs.org/node-forge/-/node-forge-1.3.1.tgz",
      "integrity": "sha512-dPEtOeMvF9VMcYV/1Wb8CPoVAXtp6MKMlcbAt4ddqmGqUJ6fQZFXkNZNkNlfevtNkGtaSoXf/vNNNSvgrdXwtA==",
      "engines": {
        "node": ">= 6.13.0"
      }
    },
    "node_modules/node-signpdf": {
      "version": "1.5.0",
      "resolved": "https://registry.npmjs.org/node-signpdf/-/node-signpdf-1.5.0.tgz",
      "integrity": "sha512-zDOduHZGadYUpCGd1JUtOHgVn6QTW6t1feMKNe3NLexsGQXDWFjOr1mGTjqTq1UWXAp47T4ShllLnmhGu9GQsA==",
      "engines": {
        "node": ">=12"
      },
      "peerDependencies": {
        "node-forge": "^1.2.1"
      }
    }
  },
  "dependencies": {
    "minimist": {
      "version": "1.2.6",
      "resolved": "https://registry.npmjs.org/minimist/-/minimist-1.2.6.tgz",
      "integrity": "sha512-Jsjnk4bw3YJqYzbdyBiNsPWHPfO++UGG749Cxs6peCu5Xg4nrena6OVxOYxrQTqww0Jmwt+Ref8rggumkTLz9Q=="
    },
    "node-forge": {
      "version": "1.3.1",
      "resolved": "https://registry.npmjs.org/node-forge/-/node-forge-1.3.1.tgz",
      "integrity": "sha512-dPEtOeMvF9VMcYV/1Wb8CPoVAXtp6MKMlcbAt4ddqmGqUJ6fQZFXkNZNkNlfevtNkGtaSoXf/vNNNSvgrdXwtA=="
    },
    "node-signpdf": {
      "version": "1.5.0",
      "resolved": "https://registry.npmjs.org/node-signpdf/-/node-signpdf-1.5.0.tgz",
      "integrity": "sha512-zDOduHZGadYUpCGd1JUtOHgVn6QTW6t1feMKNe3NLexsGQXDWFjOr1mGTjqTq1UWXAp47T4ShllLnmhGu9GQsA==",
      "requires": {}
    }
  }
}
